
Microsoft Visual Studio Solution File, Format Version 12.00
# Visual Studio 15
VisualStudioVersion = 15.0.27130.2027
MinimumVisualStudioVersion = 10.0.40219.1
Project("{FAE04EC0-301F-11D3-BF4B-00C04F79EFBC}") = "Animutivator", "Animutivator\Animutivator.csproj", "{DF207BA1-3E64-42FB-B4B9-9C78AB3C4545}"
EndProject
Global
	GlobalSection(SolutionConfigurationPlatforms) = preSolution
		Debug|Any CPU = Debug|Any CPU
		Release|Any CPU = Release|Any CPU
	EndGlobalSection
	GlobalSection(ProjectConfigurationPlatforms) = postSolution
		{DF207BA1-3E64-42FB-B4B9-9C78AB3C4545}.Debug|Any CPU.ActiveCfg = Debug|Any CPU
		{DF207BA1-3E64-42FB-B4B9-9C78AB3C4545}.Debug|Any CPU.Build.0 = Debug|Any CPU
		{DF207BA1-3E64-42FB-B4B9-9C78AB3C4545}.Release|Any CPU.ActiveCfg = Release|Any CPU
		{DF207BA1-3E64-42FB-B4B9-9C78AB3C4545}.Release|Any CPU.Build.0 = Release|Any CPU
	EndGlobalSection
	GlobalSection(SolutionProperties) = preSolution
		HideSolutionNode = FALSE
	EndGlobalSection
	GlobalSection(ExtensibilityGlobals) = postSolution
		SolutionGuid = {C3E0E4B4-D877-4AFB-A9DF-BA86C7780214}
	EndGlobalSection
EndGlobal
